uuid: b047e5d4-ebc3-4cf9-ac00-ad87a2de7d46
langcode: de
status: true
dependencies:
  module:
    - infinite_blocks
  theme:
    - infinite
third_party_settings:
  infinite_blocks:
    id: ''
    classes: ''
    title_tag: div
    block_tag: div
id: newsletterblock
theme: infinite
region: content
weight: -9
provider: null
plugin: infinite_blocks_newsletter
settings:
  id: infinite_blocks_newsletter
  label: 'Newsletter Block'
  provider: infinite_blocks
  label_display: '0'
visibility: {  }
