langcode: en
status: true
dependencies:
  module:
    - infinite_blocks
  theme:
    - infinite
third_party_settings:
  infinite_blocks:
    id: ''
    classes: ''
    title_tag: div
    block_tag: div
id: themelogoblock
theme: infinite
region: header_large
weight: -8
provider: null
plugin: infinite_blocks_logo
settings:
  id: infinite_blocks_logo
  label: 'Theme Logo Block'
  provider: infinite_blocks
  label_display: '0'
visibility: {  }
